
Microsoft Visual Studio Solution File, Format Version 12.00
# Visual Studio Version 16
VisualStudioVersion = 16.0.31005.135
MinimumVisualStudioVersion = 10.0.40219.1
Project("{FAE04EC0-301F-11D3-BF4B-00C04F79EFBC}") = "TestTask1", "TestTask1\TestTask1.csproj", "{A08AF818-A7EE-41F9-B025-8AB2CCDFA591}"
EndProject
Global
	GlobalSection(SolutionConfigurationPlatforms) = preSolution
		Debug|Any CPU = Debug|Any CPU
		Release|Any CPU = Release|Any CPU
	EndGlobalSection
	GlobalSection(ProjectConfigurationPlatforms) = postSolution
		{A08AF818-A7EE-41F9-B025-8AB2CCDFA591}.Debug|Any CPU.ActiveCfg = Debug|Any CPU
		{A08AF818-A7EE-41F9-B025-8AB2CCDFA591}.Debug|Any CPU.Build.0 = Debug|Any CPU
		{A08AF818-A7EE-41F9-B025-8AB2CCDFA591}.Release|Any CPU.ActiveCfg = Release|Any CPU
		{A08AF818-A7EE-41F9-B025-8AB2CCDFA591}.Release|Any CPU.Build.0 = Release|Any CPU
	EndGlobalSection
	GlobalSection(SolutionProperties) = preSolution
		HideSolutionNode = FALSE
	EndGlobalSection
	GlobalSection(ExtensibilityGlobals) = postSolution
		SolutionGuid = {1A0E5B08-0433-48F7-8081-7B9CD505DEE8}
	EndGlobalSection
EndGlobal
